<?xml version="1.0" encoding="utf-8"?>
<Project ToolsVersion="4.0" xmlns="http://schemas.microsoft.com/developer/msbuild/2003">
  <ItemGroup>
    <Filter Include="Header Files">
      <UniqueIdentifier>{93995380-89BD-4b04-88EB-625FBE52EBFB}</UniqueIdentifier>
      <Extensions>h</Extensions>
    </Filter>
    <Filter Include="Form Files">
      <UniqueIdentifier>{99349809-55BA-4b9d-BF79-8FDBB0286EB3}</UniqueIdentifier>
      <Extensions>ui</Extensions>
    </Filter>
    <Filter Include="Resource Files">
      <UniqueIdentifier>{D9D6E242-F8AF-46E4-B9FD-80ECBC20BA3E}</UniqueIdentifier>
      <Extensions>qrc;*</Extensions>
      <ParseFiles>false</ParseFiles>
    </Filter>
    <Filter Include="Generated Files">
      <UniqueIdentifier>{71ED8ED8-ACB9-4CE9-BBE1-E00B30144E11}</UniqueIdentifier>
      <Extensions>moc;h;cpp</Extensions>
      <SourceControlFiles>False</SourceControlFiles>
    </Filter>
    <Filter Include="Generated Files\Debug">
      <UniqueIdentifier>{6e3702e9-4716-485d-a8a0-ac70bba65282}</UniqueIdentifier>
      <Extensions>cpp;moc</Extensions>
      <SourceControlFiles>False</SourceControlFiles>
    </Filter>
    <Filter Include="Generated Files\Release">
      <UniqueIdentifier>{2299c74b-15b2-428c-98dd-dd630c68cecc}</UniqueIdentifier>
      <Extensions>cpp;moc</Extensions>
      <SourceControlFiles>False</SourceControlFiles>
    </Filter>
    <Filter Include="Resource Files\Source Files">
      <UniqueIdentifier>{4FC737F1-C7A5-4376-A066-2A32D752A2FF}</UniqueIdentifier>
      <Extensions>cpp;cxx;c;def</Extensions>
    </Filter>
  </ItemGroup>
  <ItemGroup>
    <ClCompile Include="GeneratedFiles\qrc_joint_deformation.cpp">
      <Filter>Generated Files</Filter>
    </ClCompile>
    <ClCompile Include="GeneratedFiles\Debug\moc_joint_deformation.cpp">
      <Filter>Generated Files\Debug</Filter>
    </ClCompile>
    <ClCompile Include="GeneratedFiles\Release\moc_joint_deformation.cpp">
      <Filter>Generated Files\Release</Filter>
    </ClCompile>
    <ClCompile Include="source\joint_deformation.cpp">
      <Filter>Resource Files\Source Files</Filter>
    </ClCompile>
    <ClCompile Include="source\main.cpp">
      <Filter>Resource Files\Source Files</Filter>
    </ClCompile>
    <ClCompile Include="source\renderer.cpp">
      <Filter>Resource Files\Source Files</Filter>
    </ClCompile>
    <ClCompile Include="GeneratedFiles\Debug\moc_renderer.cpp">
      <Filter>Generated Files\Debug</Filter>
    </ClCompile>
    <ClCompile Include="GeneratedFiles\Release\moc_renderer.cpp">
      <Filter>Generated Files\Release</Filter>
    </ClCompile>
    <ClCompile Include="source\Camera.cpp">
      <Filter>Resource Files\Source Files</Filter>
    </ClCompile>
    <ClCompile Include="source\kernel.cpp">
      <Filter>Resource Files\Source Files</Filter>
    </ClCompile>
    <ClCompile Include="source\mesh.cpp">
      <Filter>Resource Files\Source Files</Filter>
    </ClCompile>
    <ClCompile Include="include\network\HNUtilities.cpp">
      <Filter>Header Files</Filter>
    </ClCompile>
    <ClCompile Include="include\network\HNCommonObjectFactory.cpp">
      <Filter>Resource Files\Source Files</Filter>
    </ClCompile>
    <ClCompile Include="include\network\HNFileCommunicator.cpp">
      <Filter>Resource Files\Source Files</Filter>
    </ClCompile>
    <ClCompile Include="include\network\HNNetworkCommunicator.cpp">
      <Filter>Resource Files\Source Files</Filter>
    </ClCompile>
    <ClCompile Include="include\network\HNNetworkObjectFactory.cpp">
      <Filter>Resource Files\Source Files</Filter>
    </ClCompile>
    <ClCompile Include="include\network\HNThreadRunnable.cpp">
      <Filter>Resource Files\Source Files</Filter>
    </ClCompile>
    <ClCompile Include="include\network\HNWindowsServerSocket.cpp">
      <Filter>Resource Files\Source Files</Filter>
    </ClCompile>
    <ClCompile Include="include\network\HNWindowsSocket.cpp">
      <Filter>Resource Files\Source Files</Filter>
    </ClCompile>
    <ClCompile Include="include\network\HNWindowsThread.cpp">
      <Filter>Resource Files\Source Files</Filter>
    </ClCompile>
    <ClCompile Include="include\network\tinyxml2.cpp">
      <Filter>Resource Files\Source Files</Filter>
    </ClCompile>
  </ItemGroup>
  <ItemGroup>
    <CustomBuild Include="joint_deformation.ui">
      <Filter>Form Files</Filter>
    </CustomBuild>
    <CustomBuild Include="joint_deformation.qrc">
      <Filter>Resource Files</Filter>
    </CustomBuild>
    <CustomBuild Include="include\joint_deformation.h">
      <Filter>Header Files</Filter>
    </CustomBuild>
    <CustomBuild Include="include\renderer.h">
      <Filter>Header Files</Filter>
    </CustomBuild>
  </ItemGroup>
  <ItemGroup>
    <ClInclude Include="GeneratedFiles\ui_joint_deformation.h">
      <Filter>Generated Files</Filter>
    </ClInclude>
    <ClInclude Include="include\mesh.h">
      <Filter>Header Files</Filter>
    </ClInclude>
    <ClInclude Include="include\Camera.h">
      <Filter>Header Files</Filter>
    </ClInclude>
    <ClInclude Include="include\kernel.h">
      <Filter>Header Files</Filter>
    </ClInclude>
    <ClInclude Include="include\HSMTransmitter.h">
      <Filter>Header Files</Filter>
    </ClInclude>
    <ClInclude Include="include\HSMReceiver.h">
      <Filter>Header Files</Filter>
    </ClInclude>
    <ClInclude Include="include\network\HNCaptureDevice.h">
      <Filter>Header Files</Filter>
    </ClInclude>
    <ClInclude Include="include\network\HNCommunicator.h">
      <Filter>Header Files</Filter>
    </ClInclude>
    <ClInclude Include="include\network\HNCompressedPacketMarshaller.h">
      <Filter>Header Files</Filter>
    </ClInclude>
    <ClInclude Include="include\network\HNConnectionInfo.h">
      <Filter>Header Files</Filter>
    </ClInclude>
    <ClInclude Include="include\network\HNData.h">
      <Filter>Header Files</Filter>
    </ClInclude>
    <ClInclude Include="include\network\HNEventGenerator.h">
      <Filter>Header Files</Filter>
    </ClInclude>
    <ClInclude Include="include\network\HNFileCommunicator.h">
      <Filter>Header Files</Filter>
    </ClInclude>
    <ClInclude Include="include\network\HNFileInfo.h">
      <Filter>Header Files</Filter>
    </ClInclude>
    <ClInclude Include="include\network\HNInfo.h">
      <Filter>Header Files</Filter>
    </ClInclude>
    <ClInclude Include="include\network\HNLogger.h">
      <Filter>Header Files</Filter>
    </ClInclude>
    <ClInclude Include="include\network\HNMutex.h">
      <Filter>Header Files</Filter>
    </ClInclude>
    <ClInclude Include="include\network\HNNetworkCommunicator.h">
      <Filter>Header Files</Filter>
    </ClInclude>
    <ClInclude Include="include\network\HNNetworkObjectFactory.h">
      <Filter>Header Files</Filter>
    </ClInclude>
    <ClInclude Include="include\network\HNNetworkPacket.h">
      <Filter>Header Files</Filter>
    </ClInclude>
    <ClInclude Include="include\network\HNNetworkReceiver.h">
      <Filter>Header Files</Filter>
    </ClInclude>
    <ClInclude Include="include\network\HNObjectFactory.h">
      <Filter>Header Files</Filter>
    </ClInclude>
    <ClInclude Include="include\network\HNPacket.h">
      <Filter>Header Files</Filter>
    </ClInclude>
    <ClInclude Include="include\network\HNPacketMarshaller.h">
      <Filter>Header Files</Filter>
    </ClInclude>
    <ClInclude Include="include\network\HNPacketMarshallHandler.h">
      <Filter>Header Files</Filter>
    </ClInclude>
    <ClInclude Include="include\network\HNPoints.h">
      <Filter>Header Files</Filter>
    </ClInclude>
    <ClInclude Include="include\network\HNServerSocket.h">
      <Filter>Header Files</Filter>
    </ClInclude>
    <ClInclude Include="include\network\HNSocket.h">
      <Filter>Header Files</Filter>
    </ClInclude>
    <ClInclude Include="include\network\HNThread.h">
      <Filter>Header Files</Filter>
    </ClInclude>
    <ClInclude Include="include\network\HNThreadRunnable.h">
      <Filter>Header Files</Filter>
    </ClInclude>
    <ClInclude Include="include\network\HNThreadSafe.h">
      <Filter>Header Files</Filter>
    </ClInclude>
    <ClInclude Include="include\network\HNUtilities.h">
      <Filter>Header Files</Filter>
    </ClInclude>
    <ClInclude Include="include\network\HNWindowsMutex.h">
      <Filter>Header Files</Filter>
    </ClInclude>
    <ClInclude Include="include\network\HNWindowsNetworkObjectFactory.h">
      <Filter>Header Files</Filter>
    </ClInclude>
    <ClInclude Include="include\network\HNWindowsObjectFactory.h">
      <Filter>Header Files</Filter>
    </ClInclude>
    <ClInclude Include="include\network\HNWindowsServerSocket.h">
      <Filter>Header Files</Filter>
    </ClInclude>
    <ClInclude Include="include\network\HNWindowsSocket.h">
      <Filter>Header Files</Filter>
    </ClInclude>
    <ClInclude Include="include\network\HNWindowsThread.h">
      <Filter>Header Files</Filter>
    </ClInclude>
    <ClInclude Include="include\network\tinyxml2.h">
      <Filter>Header Files</Filter>
    </ClInclude>
    <ClInclude Include="include\performanceCounter.h">
      <Filter>Header Files</Filter>
    </ClInclude>
  </ItemGroup>
  <ItemGroup>
    <None Include="include\tree.hh">
      <Filter>Header Files</Filter>
    </None>
    <None Include="ClassDiagram1.cd" />
    <None Include="ClassDiagram2.cd" />
  </ItemGroup>
</Project>